
Microsoft Visual Studio Solution File, Format Version 12.00
Project("{FAE04EC0-301F-11D3-BF4B-00C04F79EFBC}") = "Lab1", "Lab1\Lab1.csproj", "{F8565472-4FE6-4511-ABDA-F9DCE7C9D279}"
EndProject
Project("{FAE04EC0-301F-11D3-BF4B-00C04F79EFBC}") = "Lab3", "Lab3\Lab3.csproj", "{BD845729-9AA0-46E7-A647-B24CEAC2D6A2}"
EndProject
Project("{FAE04EC0-301F-11D3-BF4B-00C04F79EFBC}") = "Lab4", "Lab4\Lab4.csproj", "{5731D72C-F3BC-452F-92F0-0B5B002B3DE6}"
EndProject
Project("{FAE04EC0-301F-11D3-BF4B-00C04F79EFBC}") = "Lab5", "Lab5\Lab5.csproj", "{1164B0D6-847B-4808-8232-AADF02AFF48E}"
EndProject
Project("{FAE04EC0-301F-11D3-BF4B-00C04F79EFBC}") = "Lab7", "Lab7\Lab7.csproj", "{BB90D5A7-6E57-4E73-AD69-7BCDD051AF79}"
EndProject
Project("{FAE04EC0-301F-11D3-BF4B-00C04F79EFBC}") = "Lab9", "Lab9\Lab9.csproj", "{31543985-80F2-41AF-90A2-918CA2001719}"
EndProject
Project("{FAE04EC0-301F-11D3-BF4B-00C04F79EFBC}") = "Lab11", "Lab11\Lab11.csproj", "{9F7B3A62-D90B-48A7-BEAB-80A530DCAF02}"
EndProject
Project("{FAE04EC0-301F-11D3-BF4B-00C04F79EFBC}") = "Lab13", "Lab13\Lab13.csproj", "{A1119913-6C95-418D-BF36-49038EE6CB1A}"
EndProject
Global
	GlobalSection(SolutionConfigurationPlatforms) = preSolution
		Debug|Any CPU = Debug|Any CPU
		Release|Any CPU = Release|Any CPU
	EndGlobalSection
	GlobalSection(ProjectConfigurationPlatforms) = postSolution
		{F8565472-4FE6-4511-ABDA-F9DCE7C9D279}.Debug|Any CPU.ActiveCfg = Debug|Any CPU
		{F8565472-4FE6-4511-ABDA-F9DCE7C9D279}.Debug|Any CPU.Build.0 = Debug|Any CPU
		{F8565472-4FE6-4511-ABDA-F9DCE7C9D279}.Release|Any CPU.ActiveCfg = Release|Any CPU
		{F8565472-4FE6-4511-ABDA-F9DCE7C9D279}.Release|Any CPU.Build.0 = Release|Any CPU
		{BD845729-9AA0-46E7-A647-B24CEAC2D6A2}.Debug|Any CPU.ActiveCfg = Debug|Any CPU
		{BD845729-9AA0-46E7-A647-B24CEAC2D6A2}.Debug|Any CPU.Build.0 = Debug|Any CPU
		{BD845729-9AA0-46E7-A647-B24CEAC2D6A2}.Release|Any CPU.ActiveCfg = Release|Any CPU
		{BD845729-9AA0-46E7-A647-B24CEAC2D6A2}.Release|Any CPU.Build.0 = Release|Any CPU
		{5731D72C-F3BC-452F-92F0-0B5B002B3DE6}.Debug|Any CPU.ActiveCfg = Debug|Any CPU
		{5731D72C-F3BC-452F-92F0-0B5B002B3DE6}.Debug|Any CPU.Build.0 = Debug|Any CPU
		{5731D72C-F3BC-452F-92F0-0B5B002B3DE6}.Release|Any CPU.ActiveCfg = Release|Any CPU
		{5731D72C-F3BC-452F-92F0-0B5B002B3DE6}.Release|Any CPU.Build.0 = Release|Any CPU
		{1164B0D6-847B-4808-8232-AADF02AFF48E}.Debug|Any CPU.ActiveCfg = Debug|Any CPU
		{1164B0D6-847B-4808-8232-AADF02AFF48E}.Debug|Any CPU.Build.0 = Debug|Any CPU
		{1164B0D6-847B-4808-8232-AADF02AFF48E}.Release|Any CPU.ActiveCfg = Release|Any CPU
		{1164B0D6-847B-4808-8232-AADF02AFF48E}.Release|Any CPU.Build.0 = Release|Any CPU
		{BB90D5A7-6E57-4E73-AD69-7BCDD051AF79}.Debug|Any CPU.ActiveCfg = Debug|Any CPU
		{BB90D5A7-6E57-4E73-AD69-7BCDD051AF79}.Debug|Any CPU.Build.0 = Debug|Any CPU
		{BB90D5A7-6E57-4E73-AD69-7BCDD051AF79}.Release|Any CPU.ActiveCfg = Release|Any CPU
		{BB90D5A7-6E57-4E73-AD69-7BCDD051AF79}.Release|Any CPU.Build.0 = Release|Any CPU
		{31543985-80F2-41AF-90A2-918CA2001719}.Debug|Any CPU.ActiveCfg = Debug|Any CPU
		{31543985-80F2-41AF-90A2-918CA2001719}.Debug|Any CPU.Build.0 = Debug|Any CPU
		{31543985-80F2-41AF-90A2-918CA2001719}.Release|Any CPU.ActiveCfg = Release|Any CPU
		{31543985-80F2-41AF-90A2-918CA2001719}.Release|Any CPU.Build.0 = Release|Any CPU
		{9F7B3A62-D90B-48A7-BEAB-80A530DCAF02}.Debug|Any CPU.ActiveCfg = Debug|Any CPU
		{9F7B3A62-D90B-48A7-BEAB-80A530DCAF02}.Debug|Any CPU.Build.0 = Debug|Any CPU
		{9F7B3A62-D90B-48A7-BEAB-80A530DCAF02}.Release|Any CPU.ActiveCfg = Release|Any CPU
		{9F7B3A62-D90B-48A7-BEAB-80A530DCAF02}.Release|Any CPU.Build.0 = Release|Any CPU
		{A1119913-6C95-418D-BF36-49038EE6CB1A}.Debug|Any CPU.ActiveCfg = Debug|Any CPU
		{A1119913-6C95-418D-BF36-49038EE6CB1A}.Debug|Any CPU.Build.0 = Debug|Any CPU
		{A1119913-6C95-418D-BF36-49038EE6CB1A}.Release|Any CPU.ActiveCfg = Release|Any CPU
		{A1119913-6C95-418D-BF36-49038EE6CB1A}.Release|Any CPU.Build.0 = Release|Any CPU
	EndGlobalSection
EndGlobal
